
Microsoft Visual Studio Solution File, Format Version 12.00
# Visual Studio Version 16
VisualStudioVersion = 16.0.30104.148
MinimumVisualStudioVersion = 10.0.40219.1
Project("{FAE04EC0-301F-11D3-BF4B-00C04F79EFBC}") = "OOP", "OOP\OOP.csproj", "{1EF851A0-E27E-4BAF-8151-A3D5B698E954}"
EndProject
Global
	GlobalSection(SolutionConfigurationPlatforms) = preSolution
		Debug|Any CPU = Debug|Any CPU
		Release|Any CPU = Release|Any CPU
	EndGlobalSection
	GlobalSection(ProjectConfigurationPlatforms) = postSolution
		{1EF851A0-E27E-4BAF-8151-A3D5B698E954}.Debug|Any CPU.ActiveCfg = Debug|Any CPU
		{1EF851A0-E27E-4BAF-8151-A3D5B698E954}.Debug|Any CPU.Build.0 = Debug|Any CPU
		{1EF851A0-E27E-4BAF-8151-A3D5B698E954}.Release|Any CPU.ActiveCfg = Release|Any CPU
		{1EF851A0-E27E-4BAF-8151-A3D5B698E954}.Release|Any CPU.Build.0 = Release|Any CPU
	EndGlobalSection
	GlobalSection(SolutionProperties) = preSolution
		HideSolutionNode = FALSE
	EndGlobalSection
	GlobalSection(ExtensibilityGlobals) = postSolution
		SolutionGuid = {9DD5A54E-26DA-4BF6-893D-8E5DC0EC0E06}
	EndGlobalSection
EndGlobal
